
Microsoft Visual Studio Solution File, Format Version 12.00
# Visual Studio Version 17
VisualStudioVersion = 17.14.36203.30
MinimumVisualStudioVersion = 10.0.40219.1
Project("{FAE04EC0-301F-11D3-BF4B-00C04F79EFBC}") = "CompressMedia", "CompressMedia\CompressMedia.csproj", "{A6DD475B-7237-4D4F-861D-E8DA90218BDC}"
EndProject
Project("{D954291E-2A0B-460D-934E-DC6B0785DB48}") = "CompressMediaPage", "CompressMediaPage\CompressMediaPage.shproj", "{40B273DF-70A4-4FD2-9E2C-098067D39FBB}"
EndProject
Global
	GlobalSection(SolutionConfigurationPlatforms) = preSolution
		Debug|ARM64 = Debug|ARM64
		Debug|x64 = Debug|x64
		Debug|x86 = Debug|x86
		Release|ARM64 = Release|ARM64
		Release|x64 = Release|x64
		Release|x86 = Release|x86
	EndGlobalSection
	GlobalSection(ProjectConfigurationPlatforms) = postSolution
		{A6DD475B-7237-4D4F-861D-E8DA90218BDC}.Debug|ARM64.ActiveCfg = Debug|ARM64
		{A6DD475B-7237-4D4F-861D-E8DA90218BDC}.Debug|ARM64.Build.0 = Debug|ARM64
		{A6DD475B-7237-4D4F-861D-E8DA90218BDC}.Debug|ARM64.Deploy.0 = Debug|ARM64
		{A6DD475B-7237-4D4F-861D-E8DA90218BDC}.Debug|x64.ActiveCfg = Debug|x64
		{A6DD475B-7237-4D4F-861D-E8DA90218BDC}.Debug|x64.Build.0 = Debug|x64
		{A6DD475B-7237-4D4F-861D-E8DA90218BDC}.Debug|x64.Deploy.0 = Debug|x64
		{A6DD475B-7237-4D4F-861D-E8DA90218BDC}.Debug|x86.ActiveCfg = Debug|x86
		{A6DD475B-7237-4D4F-861D-E8DA90218BDC}.Debug|x86.Build.0 = Debug|x86
		{A6DD475B-7237-4D4F-861D-E8DA90218BDC}.Debug|x86.Deploy.0 = Debug|x86
		{A6DD475B-7237-4D4F-861D-E8DA90218BDC}.Release|ARM64.ActiveCfg = Release|ARM64
		{A6DD475B-7237-4D4F-861D-E8DA90218BDC}.Release|ARM64.Build.0 = Release|ARM64
		{A6DD475B-7237-4D4F-861D-E8DA90218BDC}.Release|ARM64.Deploy.0 = Release|ARM64
		{A6DD475B-7237-4D4F-861D-E8DA90218BDC}.Release|x64.ActiveCfg = Release|x64
		{A6DD475B-7237-4D4F-861D-E8DA90218BDC}.Release|x64.Build.0 = Release|x64
		{A6DD475B-7237-4D4F-861D-E8DA90218BDC}.Release|x64.Deploy.0 = Release|x64
		{A6DD475B-7237-4D4F-861D-E8DA90218BDC}.Release|x86.ActiveCfg = Release|x86
		{A6DD475B-7237-4D4F-861D-E8DA90218BDC}.Release|x86.Build.0 = Release|x86
		{A6DD475B-7237-4D4F-861D-E8DA90218BDC}.Release|x86.Deploy.0 = Release|x86
	EndGlobalSection
	GlobalSection(SolutionProperties) = preSolution
		HideSolutionNode = FALSE
	EndGlobalSection
	GlobalSection(ExtensibilityGlobals) = postSolution
		SolutionGuid = {CAB3543E-E59D-4E15-91D5-12F227BDC510}
	EndGlobalSection
	GlobalSection(SharedMSBuildProjectFiles) = preSolution
		CompressMediaPage\CompressMediaPage.projitems*{40b273df-70a4-4fd2-9e2c-098067d39fbb}*SharedItemsImports = 13
		CompressMediaPageWinUI\CompressMediaPage.projitems*{a6dd475b-7237-4d4f-861d-e8da90218bdc}*SharedItemsImports = 5
	EndGlobalSection
EndGlobal
